
Microsoft Visual Studio Solution File, Format Version 12.00
# Visual Studio Version 17
VisualStudioVersion = 17.5.33424.131
MinimumVisualStudioVersion = 10.0.40219.1
Project("{9A19103F-16F7-4668-BE54-9A1E7A4F7556}") = "CS_Interfaces", "CS_Interfaces\CS_Interfaces.csproj", "{6721B654-E406-44BE-BE91-13095FCAE1D5}"
EndProject
Project("{2150E333-8FDC-42A3-9474-1A3956D46DE8}") = "Solution Items", "Solution Items", "{6540C495-689E-410F-8F67-93944BE8CFF9}"
	ProjectSection(SolutionItems) = preProject
		Assignments.md = Assignments.md
		..\..\Users\acer\OneDrive\New_Lab_Documents\CSharp\CS_Async_Delegate.pdf = ..\..\Users\acer\OneDrive\New_Lab_Documents\CSharp\CS_Async_Delegate.pdf
		..\..\Users\acer\OneDrive\New_Lab_Documents\CSharp\Generics_Lab.pdf = ..\..\Users\acer\OneDrive\New_Lab_Documents\CSharp\Generics_Lab.pdf
		..\..\Coditas\NetEltp\LINQ_HOL.pdf = ..\..\Coditas\NetEltp\LINQ_HOL.pdf
		REadme.md = REadme.md
	EndProjectSection
EndProject
Project("{9A19103F-16F7-4668-BE54-9A1E7A4F7556}") = "CS_Interface_Generic", "CS_Interface_Generic\CS_Interface_Generic.csproj", "{D43FD0EE-9184-4E38-89FE-DFB8B41F152B}"
EndProject
Project("{9A19103F-16F7-4668-BE54-9A1E7A4F7556}") = "CS_Interface_Generic_Constraints", "CS_Interface_Generic_Constraints\CS_Interface_Generic_Constraints.csproj", "{4B6EBCE3-2902-4694-B70C-98C296ABFB2F}"
EndProject
Project("{9A19103F-16F7-4668-BE54-9A1E7A4F7556}") = "CS_EF_DbFirst", "CS_EF_DbFirst\CS_EF_DbFirst.csproj", "{0B8916CD-2AA1-4977-A341-3A0FBA1C7060}"
EndProject
Project("{2150E333-8FDC-42A3-9474-1A3956D46DE8}") = "APIApps", "APIApps", "{3FA7AE28-ACA0-4222-853C-EB6B12707F05}"
EndProject
Project("{9A19103F-16F7-4668-BE54-9A1E7A4F7556}") = "Com.Application.DataAccess", "Com.Application.DataAccess\Com.Application.DataAccess.csproj", "{D98B6DBC-6AF5-4540-B1C2-E4DABC43A5F9}"
EndProject
Project("{9A19103F-16F7-4668-BE54-9A1E7A4F7556}") = "Com.Application.Entities", "Com.Application.Entities\Com.Application.Entities.csproj", "{E1F94B7C-828F-4819-A99B-1D429802F2F3}"
EndProject
Project("{9A19103F-16F7-4668-BE54-9A1E7A4F7556}") = "Com.Application.Services", "Com.Application.Services\Com.Application.Services.csproj", "{29F7414E-8CF2-4566-923B-1BB52F5871BB}"
EndProject
Project("{9A19103F-16F7-4668-BE54-9A1E7A4F7556}") = "Com.Application.API", "Com.Application.API\Com.Application.API.csproj", "{7920A0B8-8103-4883-BC6F-ABEF60F21D8E}"
EndProject
Project("{9A19103F-16F7-4668-BE54-9A1E7A4F7556}") = "CS_Extension", "CS_Extension\CS_Extension.csproj", "{2194E8A2-D0FE-4172-9EA8-A5569CC1C052}"
EndProject
Project("{FAE04EC0-301F-11D3-BF4B-00C04F79EFBC}") = "ApiCLientAp", "ApiCLientAp\ApiCLientAp.csproj", "{326C123B-D75A-47B0-991C-BC77D9F3B6A6}"
EndProject
Project("{FAE04EC0-301F-11D3-BF4B-00C04F79EFBC}") = "CS_EF_SP", "CS_EF_SP\CS_EF_SP.csproj", "{B0566741-EE9C-4497-AD51-EB1AF9BB2262}"
EndProject
Project("{2150E333-8FDC-42A3-9474-1A3956D46DE8}") = "Testingapp", "Testingapp", "{D140768D-D350-4315-8752-7EEFDDE1877F}"
EndProject
Project("{FAE04EC0-301F-11D3-BF4B-00C04F79EFBC}") = "APIUnitTest", "APIUnitTest\APIUnitTest.csproj", "{B868A933-F0D7-40B5-8D9F-11B32C8E8EE7}"
EndProject
Global
	GlobalSection(SolutionConfigurationPlatforms) = preSolution
		Debug|Any CPU = Debug|Any CPU
		Release|Any CPU = Release|Any CPU
	EndGlobalSection
	GlobalSection(ProjectConfigurationPlatforms) = postSolution
		{6721B654-E406-44BE-BE91-13095FCAE1D5}.Debug|Any CPU.ActiveCfg = Debug|Any CPU
		{6721B654-E406-44BE-BE91-13095FCAE1D5}.Debug|Any CPU.Build.0 = Debug|Any CPU
		{6721B654-E406-44BE-BE91-13095FCAE1D5}.Release|Any CPU.ActiveCfg = Release|Any CPU
		{6721B654-E406-44BE-BE91-13095FCAE1D5}.Release|Any CPU.Build.0 = Release|Any CPU
		{D43FD0EE-9184-4E38-89FE-DFB8B41F152B}.Debug|Any CPU.ActiveCfg = Debug|Any CPU
		{D43FD0EE-9184-4E38-89FE-DFB8B41F152B}.Debug|Any CPU.Build.0 = Debug|Any CPU
		{D43FD0EE-9184-4E38-89FE-DFB8B41F152B}.Release|Any CPU.ActiveCfg = Release|Any CPU
		{D43FD0EE-9184-4E38-89FE-DFB8B41F152B}.Release|Any CPU.Build.0 = Release|Any CPU
		{4B6EBCE3-2902-4694-B70C-98C296ABFB2F}.Debug|Any CPU.ActiveCfg = Debug|Any CPU
		{4B6EBCE3-2902-4694-B70C-98C296ABFB2F}.Debug|Any CPU.Build.0 = Debug|Any CPU
		{4B6EBCE3-2902-4694-B70C-98C296ABFB2F}.Release|Any CPU.ActiveCfg = Release|Any CPU
		{4B6EBCE3-2902-4694-B70C-98C296ABFB2F}.Release|Any CPU.Build.0 = Release|Any CPU
		{0B8916CD-2AA1-4977-A341-3A0FBA1C7060}.Debug|Any CPU.ActiveCfg = Debug|Any CPU
		{0B8916CD-2AA1-4977-A341-3A0FBA1C7060}.Debug|Any CPU.Build.0 = Debug|Any CPU
		{0B8916CD-2AA1-4977-A341-3A0FBA1C7060}.Release|Any CPU.ActiveCfg = Release|Any CPU
		{0B8916CD-2AA1-4977-A341-3A0FBA1C7060}.Release|Any CPU.Build.0 = Release|Any CPU
		{D98B6DBC-6AF5-4540-B1C2-E4DABC43A5F9}.Debug|Any CPU.ActiveCfg = Debug|Any CPU
		{D98B6DBC-6AF5-4540-B1C2-E4DABC43A5F9}.Debug|Any CPU.Build.0 = Debug|Any CPU
		{D98B6DBC-6AF5-4540-B1C2-E4DABC43A5F9}.Release|Any CPU.ActiveCfg = Release|Any CPU
		{D98B6DBC-6AF5-4540-B1C2-E4DABC43A5F9}.Release|Any CPU.Build.0 = Release|Any CPU
		{E1F94B7C-828F-4819-A99B-1D429802F2F3}.Debug|Any CPU.ActiveCfg = Debug|Any CPU
		{E1F94B7C-828F-4819-A99B-1D429802F2F3}.Debug|Any CPU.Build.0 = Debug|Any CPU
		{E1F94B7C-828F-4819-A99B-1D429802F2F3}.Release|Any CPU.ActiveCfg = Release|Any CPU
		{E1F94B7C-828F-4819-A99B-1D429802F2F3}.Release|Any CPU.Build.0 = Release|Any CPU
		{29F7414E-8CF2-4566-923B-1BB52F5871BB}.Debug|Any CPU.ActiveCfg = Debug|Any CPU
		{29F7414E-8CF2-4566-923B-1BB52F5871BB}.Debug|Any CPU.Build.0 = Debug|Any CPU
		{29F7414E-8CF2-4566-923B-1BB52F5871BB}.Release|Any CPU.ActiveCfg = Release|Any CPU
		{29F7414E-8CF2-4566-923B-1BB52F5871BB}.Release|Any CPU.Build.0 = Release|Any CPU
		{7920A0B8-8103-4883-BC6F-ABEF60F21D8E}.Debug|Any CPU.ActiveCfg = Debug|Any CPU
		{7920A0B8-8103-4883-BC6F-ABEF60F21D8E}.Debug|Any CPU.Build.0 = Debug|Any CPU
		{7920A0B8-8103-4883-BC6F-ABEF60F21D8E}.Release|Any CPU.ActiveCfg = Release|Any CPU
		{7920A0B8-8103-4883-BC6F-ABEF60F21D8E}.Release|Any CPU.Build.0 = Release|Any CPU
		{2194E8A2-D0FE-4172-9EA8-A5569CC1C052}.Debug|Any CPU.ActiveCfg = Debug|Any CPU
		{2194E8A2-D0FE-4172-9EA8-A5569CC1C052}.Debug|Any CPU.Build.0 = Debug|Any CPU
		{2194E8A2-D0FE-4172-9EA8-A5569CC1C052}.Release|Any CPU.ActiveCfg = Release|Any CPU
		{2194E8A2-D0FE-4172-9EA8-A5569CC1C052}.Release|Any CPU.Build.0 = Release|Any CPU
		{326C123B-D75A-47B0-991C-BC77D9F3B6A6}.Debug|Any CPU.ActiveCfg = Debug|Any CPU
		{326C123B-D75A-47B0-991C-BC77D9F3B6A6}.Debug|Any CPU.Build.0 = Debug|Any CPU
		{326C123B-D75A-47B0-991C-BC77D9F3B6A6}.Release|Any CPU.ActiveCfg = Release|Any CPU
		{326C123B-D75A-47B0-991C-BC77D9F3B6A6}.Release|Any CPU.Build.0 = Release|Any CPU
		{B0566741-EE9C-4497-AD51-EB1AF9BB2262}.Debug|Any CPU.ActiveCfg = Debug|Any CPU
		{B0566741-EE9C-4497-AD51-EB1AF9BB2262}.Debug|Any CPU.Build.0 = Debug|Any CPU
		{B0566741-EE9C-4497-AD51-EB1AF9BB2262}.Release|Any CPU.ActiveCfg = Release|Any CPU
		{B0566741-EE9C-4497-AD51-EB1AF9BB2262}.Release|Any CPU.Build.0 = Release|Any CPU
		{B868A933-F0D7-40B5-8D9F-11B32C8E8EE7}.Debug|Any CPU.ActiveCfg = Debug|Any CPU
		{B868A933-F0D7-40B5-8D9F-11B32C8E8EE7}.Debug|Any CPU.Build.0 = Debug|Any CPU
		{B868A933-F0D7-40B5-8D9F-11B32C8E8EE7}.Release|Any CPU.ActiveCfg = Release|Any CPU
		{B868A933-F0D7-40B5-8D9F-11B32C8E8EE7}.Release|Any CPU.Build.0 = Release|Any CPU
	EndGlobalSection
	GlobalSection(SolutionProperties) = preSolution
		HideSolutionNode = FALSE
	EndGlobalSection
	GlobalSection(NestedProjects) = preSolution
		{D98B6DBC-6AF5-4540-B1C2-E4DABC43A5F9} = {3FA7AE28-ACA0-4222-853C-EB6B12707F05}
		{E1F94B7C-828F-4819-A99B-1D429802F2F3} = {3FA7AE28-ACA0-4222-853C-EB6B12707F05}
		{29F7414E-8CF2-4566-923B-1BB52F5871BB} = {3FA7AE28-ACA0-4222-853C-EB6B12707F05}
		{7920A0B8-8103-4883-BC6F-ABEF60F21D8E} = {3FA7AE28-ACA0-4222-853C-EB6B12707F05}
		{B868A933-F0D7-40B5-8D9F-11B32C8E8EE7} = {D140768D-D350-4315-8752-7EEFDDE1877F}
	EndGlobalSection
	GlobalSection(ExtensibilityGlobals) = postSolution
		SolutionGuid = {60FDE6FF-0898-4C55-B4B0-735FE912429C}
	EndGlobalSection
EndGlobal
